// !$*UTF8*$!
{
	archiveVersion = 1;
	classes = {
	};
	objectVersion = 46;
	objects = {

/* Begin PBXBuildFile section */
		761FBF0E1F91BC8C00075EDD /* BaseViewController.swift in Sources */ = {isa = PBXBuildFile; fileRef = 761FBF0D1F91BC8C00075EDD /* BaseViewController.swift */; };
		761FBF111F91C3D300075EDD /* AlamofireViewController.swift in Sources */ = {isa = PBXBuildFile; fileRef = 761FBF101F91C3D300075EDD /* AlamofireViewController.swift */; };
		7620C0E91FA1C70A00CBD930 /* 测试题库.html in Resources */ = {isa = PBXBuildFile; fileRef = 7620C0E81FA1C70A00CBD930 /* 测试题库.html */; };
		7620C0EB1FA204DB00CBD930 /* CoreText.framework in Frameworks */ = {isa = PBXBuildFile; fileRef = 7620C0EA1FA204DA00CBD930 /* CoreText.framework */; };
		7620C0F81FA4CA3D00CBD930 /* libxml2.tbd in Frameworks */ = {isa = PBXBuildFile; fileRef = 7620C0F71FA4CA3D00CBD930 /* libxml2.tbd */; };
		7620C0FF1FA4CB1200CBD930 /* HTMLNode.m in Sources */ = {isa = PBXBuildFile; fileRef = 7620C0FC1FA4CB1200CBD930 /* HTMLNode.m */; };
		7620C1001FA4CB1200CBD930 /* HTMLParser.m in Sources */ = {isa = PBXBuildFile; fileRef = 7620C0FE1FA4CB1200CBD930 /* HTMLParser.m */; };
		76B29BBD1F93160400415A0E /* YYTextViewController.swift in Sources */ = {isa = PBXBuildFile; fileRef = 76B29BBC1F93160400415A0E /* YYTextViewController.swift */; };
		76B29BE31F932D9400415A0E /* RxSwiftViewController.swift in Sources */ = {isa = PBXBuildFile; fileRef = 76B29BE21F932D9400415A0E /* RxSwiftViewController.swift */; };
		76C5FFB61F8FB33300A17E55 /* AppDelegate.swift in Sources */ = {isa = PBXBuildFile; fileRef = 76C5FFB51F8FB33300A17E55 /* AppDelegate.swift */; };
		76C5FFB81F8FB33300A17E55 /* MainViewController.swift in Sources */ = {isa = PBXBuildFile; fileRef = 76C5FFB71F8FB33300A17E55 /* MainViewController.swift */; };
		76C5FFBD1F8FB33300A17E55 /* Assets.xcassets in Resources */ = {isa = PBXBuildFile; fileRef = 76C5FFBC1F8FB33300A17E55 /* Assets.xcassets */; };
		76C5FFC01F8FB33300A17E55 /* LaunchScreen.storyboard in Resources */ = {isa = PBXBuildFile; fileRef = 76C5FFBE1F8FB33300A17E55 /* LaunchScreen.storyboard */; };
		76C5FFCB1F8FB86C00A17E55 /* YKUrlRouterManager.swift in Sources */ = {isa = PBXBuildFile; fileRef = 76C5FFCA1F8FB86C00A17E55 /* YKUrlRouterManager.swift */; };
		76C5FFCE1F8FBD0A00A17E55 /* SwiftJSONViewController.swift in Sources */ = {isa = PBXBuildFile; fileRef = 76C5FFCD1F8FBD0A00A17E55 /* SwiftJSONViewController.swift */; };
		78DCDCA7276C1B8F3A735105 /* Pods_SwiftDemo.framework in Frameworks */ = {isa = PBXBuildFile; fileRef = B428342E2A77BE4703617564 /* Pods_SwiftDemo.framework */; };
/* End PBXBuildFile section */

/* Begin PBXFileReference section */
		4B3B96090E185B0B64CEF256 /* Pods-SwiftDemo.release.xcconfig */ = {isa = PBXFileReference; includeInIndex = 1; lastKnownFileType = text.xcconfig; name = "Pods-SwiftDemo.release.xcconfig"; path = "Pods/Target Support Files/Pods-SwiftDemo/Pods-SwiftDemo.release.xcconfig"; sourceTree = "<group>"; };
		5A25C575B5ECD15E24AB1C53 /* Pods-SwiftDemo.debug.xcconfig */ = {isa = PBXFileReference; includeInIndex = 1; lastKnownFileType = text.xcconfig; name = "Pods-SwiftDemo.debug.xcconfig"; path = "Pods/Target Support Files/Pods-SwiftDemo/Pods-SwiftDemo.debug.xcconfig"; sourceTree = "<group>"; };
		761FBF0D1F91BC8C00075EDD /* BaseViewController.swift */ = {isa = PBXFileReference; fileEncoding = 4; lastKnownFileType = sourcecode.swift; path = BaseViewController.swift; sourceTree = "<group>"; };
		761FBF101F91C3D300075EDD /* AlamofireViewController.swift */ = {isa = PBXFileReference; fileEncoding = 4; lastKnownFileType = sourcecode.swift; path = AlamofireViewController.swift; sourceTree = "<group>"; };
		7620C0E81FA1C70A00CBD930 /* 测试题库.html */ = {isa = PBXFileReference; fileEncoding = 4; lastKnownFileType = text.html; path = "测试题库.html"; sourceTree = "<group>"; };
		7620C0EA1FA204DA00CBD930 /* CoreText.framework */ = {isa = PBXFileReference; lastKnownFileType = wrapper.framework; name = CoreText.framework; path = System/Library/Frameworks/CoreText.framework; sourceTree = SDKROOT; };
		7620C0EC1FA3257A00CBD930 /* SwiftDemo-Bridging-Header.h */ = {isa = PBXFileReference; lastKnownFileType = sourcecode.c.h; path = "SwiftDemo-Bridging-Header.h"; sourceTree = "<group>"; };
		7620C0F71FA4CA3D00CBD930 /* libxml2.tbd */ = {isa = PBXFileReference; lastKnownFileType = "sourcecode.text-based-dylib-definition"; name = libxml2.tbd; path = usr/lib/libxml2.tbd; sourceTree = SDKROOT; };
		7620C0FB1FA4CB1200CBD930 /* HTMLNode.h */ = {isa = PBXFileReference; fileEncoding = 4; lastKnownFileType = sourcecode.c.h; path = HTMLNode.h; sourceTree = "<group>"; };
		7620C0FC1FA4CB1200CBD930 /* HTMLNode.m */ = {isa = PBXFileReference; fileEncoding = 4; lastKnownFileType = sourcecode.c.objc; path = HTMLNode.m; sourceTree = "<group>"; };
		7620C0FD1FA4CB1200CBD930 /* HTMLParser.h */ = {isa = PBXFileReference; fileEncoding = 4; lastKnownFileType = sourcecode.c.h; path = HTMLParser.h; sourceTree = "<group>"; };
		7620C0FE1FA4CB1200CBD930 /* HTMLParser.m */ = {isa = PBXFileReference; fileEncoding = 4; lastKnownFileType = sourcecode.c.objc; path = HTMLParser.m; sourceTree = "<group>"; };
		76B29BBC1F93160400415A0E /* YYTextViewController.swift */ = {isa = PBXFileReference; fileEncoding = 4; lastKnownFileType = sourcecode.swift; path = YYTextViewController.swift; sourceTree = "<group>"; };
		76B29BE21F932D9400415A0E /* RxSwiftViewController.swift */ = {isa = PBXFileReference; fileEncoding = 4; lastKnownFileType = sourcecode.swift; path = RxSwiftViewController.swift; sourceTree = "<group>"; };
		76C5FFB21F8FB33300A17E55 /* SwiftDemo.app */ = {isa = PBXFileReference; explicitFileType = wrapper.application; includeInIndex = 0; path = SwiftDemo.app; sourceTree = BUILT_PRODUCTS_DIR; };
		76C5FFB51F8FB33300A17E55 /* AppDelegate.swift */ = {isa = PBXFileReference; lastKnownFileType = sourcecode.swift; path = AppDelegate.swift; sourceTree = "<group>"; };
		76C5FFB71F8FB33300A17E55 /* MainViewController.swift */ = {isa = PBXFileReference; lastKnownFileType = sourcecode.swift; path = MainViewController.swift; sourceTree = "<group>"; };
		76C5FFBC1F8FB33300A17E55 /* Assets.xcassets */ = {isa = PBXFileReference; lastKnownFileType = folder.assetcatalog; path = Assets.xcassets; sourceTree = "<group>"; };
		76C5FFBF1F8FB33300A17E55 /* Base */ = {isa = PBXFileReference; lastKnownFileType = file.storyboard; name = Base; path = Base.lproj/LaunchScreen.storyboard; sourceTree = "<group>"; };
		76C5FFC11F8FB33300A17E55 /* Info.plist */ = {isa = PBXFileReference; lastKnownFileType = text.plist.xml; path = Info.plist; sourceTree = "<group>"; };
		76C5FFCA1F8FB86C00A17E55 /* YKUrlRouterManager.swift */ = {isa = PBXFileReference; fileEncoding = 4; lastKnownFileType = sourcecode.swift; path = YKUrlRouterManager.swift; sourceTree = "<group>"; };
		76C5FFCD1F8FBD0A00A17E55 /* SwiftJSONViewController.swift */ = {isa = PBXFileReference; fileEncoding = 4; lastKnownFileType = sourcecode.swift; path = SwiftJSONViewController.swift; sourceTree = "<group>"; };
		B428342E2A77BE4703617564 /* Pods_SwiftDemo.framework */ = {isa = PBXFileReference; explicitFileType = wrapper.framework; includeInIndex = 0; path = Pods_SwiftDemo.framework; sourceTree = BUILT_PRODUCTS_DIR; };
/* End PBXFileReference section */

/* Begin PBXFrameworksBuildPhase section */
		76C5FFAF1F8FB33300A17E55 /* Frameworks */ = {
			isa = PBXFrameworksBuildPhase;
			buildActionMask = 2147483647;
			files = (
				7620C0F81FA4CA3D00CBD930 /* libxml2.tbd in Frameworks */,
				7620C0EB1FA204DB00CBD930 /* CoreText.framework in Frameworks */,
				78DCDCA7276C1B8F3A735105 /* Pods_SwiftDemo.framework in Frameworks */,
			);
			runOnlyForDeploymentPostprocessing = 0;
		};
/* End PBXFrameworksBuildPhase section */

/* Begin PBXGroup section */
		24CC64C1F482EDB91DB91974 /* Frameworks */ = {
			isa = PBXGroup;
			children = (
				7620C0F71FA4CA3D00CBD930 /* libxml2.tbd */,
				7620C0EA1FA204DA00CBD930 /* CoreText.framework */,
				B428342E2A77BE4703617564 /* Pods_SwiftDemo.framework */,
			);
			name = Frameworks;
			sourceTree = "<group>";
		};
		756B39C552CA01ED694A2C87 /* Pods */ = {
			isa = PBXGroup;
			children = (
				5A25C575B5ECD15E24AB1C53 /* Pods-SwiftDemo.debug.xcconfig */,
				4B3B96090E185B0B64CEF256 /* Pods-SwiftDemo.release.xcconfig */,
			);
			name = Pods;
			sourceTree = "<group>";
		};
		761FBF0F1F91C3B600075EDD /* Alamofire */ = {
			isa = PBXGroup;
			children = (
				761FBF101F91C3D300075EDD /* AlamofireViewController.swift */,
			);
			path = Alamofire;
			sourceTree = "<group>";
		};
		7620C0F91FA4CB1200CBD930 /* Third */ = {
			isa = PBXGroup;
			children = (
				7620C0FA1FA4CB1200CBD930 /* HtmlParser */,
			);
			name = Third;
			path = Classes/Third;
			sourceTree = "<group>";
		};
		7620C0FA1FA4CB1200CBD930 /* HtmlParser */ = {
			isa = PBXGroup;
			children = (
				7620C0FB1FA4CB1200CBD930 /* HTMLNode.h */,
				7620C0FC1FA4CB1200CBD930 /* HTMLNode.m */,
				7620C0FD1FA4CB1200CBD930 /* HTMLParser.h */,
				7620C0FE1FA4CB1200CBD930 /* HTMLParser.m */,
			);
			path = HtmlParser;
			sourceTree = "<group>";
		};
		76B29BBB1F9315F300415A0E /* YYText */ = {
			isa = PBXGroup;
			children = (
				76B29BBC1F93160400415A0E /* YYTextViewController.swift */,
			);
			path = YYText;
			sourceTree = "<group>";
		};
		76B29BBE1F932D8200415A0E /* RxSwift */ = {
			isa = PBXGroup;
			children = (
				7620C0E81FA1C70A00CBD930 /* 测试题库.html */,
				76B29BE21F932D9400415A0E /* RxSwiftViewController.swift */,
			);
			path = RxSwift;
			sourceTree = "<group>";
		};
		76C5FFA91F8FB33300A17E55 = {
			isa = PBXGroup;
			children = (
				76C5FFB41F8FB33300A17E55 /* SwiftDemo */,
				76C5FFB31F8FB33300A17E55 /* Products */,
				756B39C552CA01ED694A2C87 /* Pods */,
				24CC64C1F482EDB91DB91974 /* Frameworks */,
			);
			sourceTree = "<group>";
		};
		76C5FFB31F8FB33300A17E55 /* Products */ = {
			isa = PBXGroup;
			children = (
				76C5FFB21F8FB33300A17E55 /* SwiftDemo.app */,
			);
			name = Products;
			sourceTree = "<group>";
		};
		76C5FFB41F8FB33300A17E55 /* SwiftDemo */ = {
			isa = PBXGroup;
			children = (
				76C5FFC81F8FB80700A17E55 /* Classes */,
				76C5FFB51F8FB33300A17E55 /* AppDelegate.swift */,
				7620C0F91FA4CB1200CBD930 /* Third */,
				76C5FFB71F8FB33300A17E55 /* MainViewController.swift */,
				76C5FFBC1F8FB33300A17E55 /* Assets.xcassets */,
				76C5FFBE1F8FB33300A17E55 /* LaunchScreen.storyboard */,
				76C5FFC11F8FB33300A17E55 /* Info.plist */,
				7620C0EC1FA3257A00CBD930 /* SwiftDemo-Bridging-Header.h */,
			);
			path = SwiftDemo;
			sourceTree = "<group>";
		};
		76C5FFC81F8FB80700A17E55 /* Classes */ = {
			isa = PBXGroup;
			children = (
				76C5FFCF1F8FC09F00A17E55 /* Base */,
				76C5FFCC1F8FBCF200A17E55 /* SwiftJSON */,
				761FBF0F1F91C3B600075EDD /* Alamofire */,
				76B29BBB1F9315F300415A0E /* YYText */,
				76B29BBE1F932D8200415A0E /* RxSwift */,
				76C5FFC91F8FB82D00A17E55 /* Portal */,
			);
			path = Classes;
			sourceTree = "<group>";
		};
		76C5FFC91F8FB82D00A17E55 /* Portal */ = {
			isa = PBXGroup;
			children = (
				76C5FFCA1F8FB86C00A17E55 /* YKUrlRouterManager.swift */,
			);
			path = Portal;
			sourceTree = "<group>";
		};
		76C5FFCC1F8FBCF200A17E55 /* SwiftJSON */ = {
			isa = PBXGroup;
			children = (
				76C5FFCD1F8FBD0A00A17E55 /* SwiftJSONViewController.swift */,
			);
			path = SwiftJSON;
			sourceTree = "<group>";
		};
		76C5FFCF1F8FC09F00A17E55 /* Base */ = {
			isa = PBXGroup;
			children = (
				761FBF0D1F91BC8C00075EDD /* BaseViewController.swift */,
			);
			path = Base;
			sourceTree = "<group>";
		};
/* End PBXGroup section */

/* Begin PBXNativeTarget section */
		76C5FFB11F8FB33300A17E55 /* SwiftDemo */ = {
			isa = PBXNativeTarget;
			buildConfigurationList = 76C5FFC41F8FB33300A17E55 /* Build configuration list for PBXNativeTarget "SwiftDemo" */;
			buildPhases = (
				58394658AAA4A4FFF3DC8B73 /* [CP] Check Pods Manifest.lock */,
				76C5FFC71F8FB54900A17E55 /* Run Script */,
				76C5FFAE1F8FB33300A17E55 /* Sources */,
				76C5FFAF1F8FB33300A17E55 /* Frameworks */,
				76C5FFB01F8FB33300A17E55 /* Resources */,
				39E229209218B630FA8F0363 /* [CP] Embed Pods Frameworks */,
				C543A4472EE77459C03B1FEE /* [CP] Copy Pods Resources */,
			);
			buildRules = (
			);
			dependencies = (
			);
			name = SwiftDemo;
			productName = SwiftDemo;
			productReference = 76C5FFB21F8FB33300A17E55 /* SwiftDemo.app */;
			productType = "com.apple.product-type.application";
		};
/* End PBXNativeTarget section */

/* Begin PBXProject section */
		76C5FFAA1F8FB33300A17E55 /* Project object */ = {
			isa = PBXProject;
			attributes = {
				LastSwiftUpdateCheck = 0830;
				LastUpgradeCheck = 0830;
				ORGANIZATIONNAME = SDJG;
				TargetAttributes = {
					76C5FFB11F8FB33300A17E55 = {
						CreatedOnToolsVersion = 8.3.2;
						DevelopmentTeam = VMTN98C772;
						LastSwiftMigration = 0830;
						ProvisioningStyle = Automatic;
					};
				};
			};
			buildConfigurationList = 76C5FFAD1F8FB33300A17E55 /* Build configuration list for PBXProject "SwiftDemo" */;
			compatibilityVersion = "Xcode 3.2";
			developmentRegion = English;
			hasScannedForEncodings = 0;
			knownRegions = (
				en,
				Base,
			);
			mainGroup = 76C5FFA91F8FB33300A17E55;
			productRefGroup = 76C5FFB31F8FB33300A17E55 /* Products */;
			projectDirPath = "";
			projectRoot = "";
			targets = (
				76C5FFB11F8FB33300A17E55 /* SwiftDemo */,
			);
		};
/* End PBXProject section */

/* Begin PBXResourcesBuildPhase section */
		76C5FFB01F8FB33300A17E55 /* Resources */ = {
			isa = PBXResourcesBuildPhase;
			buildActionMask = 2147483647;
			files = (
				7620C0E91FA1C70A00CBD930 /* 测试题库.html in Resources */,
				76C5FFC01F8FB33300A17E55 /* LaunchScreen.storyboard in Resources */,
				76C5FFBD1F8FB33300A17E55 /* Assets.xcassets in Resources */,
			);
			runOnlyForDeploymentPostprocessing = 0;
		};
/* End PBXResourcesBuildPhase section */

/* Begin PBXShellScriptBuildPhase section */
		39E229209218B630FA8F0363 /* [CP] Embed Pods Frameworks */ = {
			isa = PBXShellScriptBuildPhase;
			buildActionMask = 2147483647;
			files = (
			);
			inputPaths = (
			);
			name = "[CP] Embed Pods Frameworks";
			outputPaths = (
			);
			runOnlyForDeploymentPostprocessing = 0;
			shellPath = /bin/sh;
			shellScript = "\"${SRCROOT}/Pods/Target Support Files/Pods-SwiftDemo/Pods-SwiftDemo-frameworks.sh\"\n";
			showEnvVarsInLog = 0;
		};
		58394658AAA4A4FFF3DC8B73 /* [CP] Check Pods Manifest.lock */ = {
			isa = PBXShellScriptBuildPhase;
			buildActionMask = 2147483647;
			files = (
			);
			inputPaths = (
			);
			name = "[CP] Check Pods Manifest.lock";
			outputPaths = (
			);
			runOnlyForDeploymentPostprocessing = 0;
			shellPath = /bin/sh;
			shellScript = "diff \"${PODS_PODFILE_DIR_PATH}/Podfile.lock\" \"${PODS_ROOT}/Manifest.lock\" > /dev/null\nif [ $? != 0 ] ; then\n    # print error to STDERR\n    echo \"error: The sandbox is not in sync with the Podfile.lock. Run 'pod install' or update your CocoaPods installation.\" >&2\n    exit 1\nfi\n";
			showEnvVarsInLog = 0;
		};
		76C5FFC71F8FB54900A17E55 /* Run Script */ = {
			isa = PBXShellScriptBuildPhase;
			buildActionMask = 2147483647;
			files = (
			);
			inputPaths = (
			);
			name = "Run Script";
			outputPaths = (
			);
			runOnlyForDeploymentPostprocessing = 0;
			shellPath = /bin/sh;
			shellScript = "versionNumber=$(/usr/libexec/PlistBuddy -c \"Print :CFBundleShortVersionString\" \"${PROJECT_DIR}/${INFOPLIST_FILE}\")\nsed -i bak -e \"/userLabel=\\\"AppVersion\\\"/s/text=\\\"[^\\\"]*\\\"/text=\\\"v$versionNumber\\\"/\" $PROJECT_DIR/SwiftDemo/Base.lproj/LaunchScreen.storyboard";
		};
		C543A4472EE77459C03B1FEE /* [CP] Copy Pods Resources */ = {
			isa = PBXShellScriptBuildPhase;
			buildActionMask = 2147483647;
			files = (
			);
			inputPaths = (
			);
			name = "[CP] Copy Pods Resources";
			outputPaths = (
			);
			runOnlyForDeploymentPostprocessing = 0;
			shellPath = /bin/sh;
			shellScript = "\"${SRCROOT}/Pods/Target Support Files/Pods-SwiftDemo/Pods-SwiftDemo-resources.sh\"\n";
			showEnvVarsInLog = 0;
		};
/* End PBXShellScriptBuildPhase section */

/* Begin PBXSourcesBuildPhase section */
		76C5FFAE1F8FB33300A17E55 /* Sources */ = {
			isa = PBXSourcesBuildPhase;
			buildActionMask = 2147483647;
			files = (
				761FBF0E1F91BC8C00075EDD /* BaseViewController.swift in Sources */,
				761FBF111F91C3D300075EDD /* AlamofireViewController.swift in Sources */,
				76C5FFB81F8FB33300A17E55 /* MainViewController.swift in Sources */,
				76C5FFCB1F8FB86C00A17E55 /* YKUrlRouterManager.swift in Sources */,
				76B29BE31F932D9400415A0E /* RxSwiftViewController.swift in Sources */,
				7620C0FF1FA4CB1200CBD930 /* HTMLNode.m in Sources */,
				76C5FFCE1F8FBD0A00A17E55 /* SwiftJSONViewController.swift in Sources */,
				76C5FFB61F8FB33300A17E55 /* AppDelegate.swift in Sources */,
				76B29BBD1F93160400415A0E /* YYTextViewController.swift in Sources */,
				7620C1001FA4CB1200CBD930 /* HTMLParser.m in Sources */,
			);
			runOnlyForDeploymentPostprocessing = 0;
		};
/* End PBXSourcesBuildPhase section */

/* Begin PBXVariantGroup section */
		76C5FFBE1F8FB33300A17E55 /* LaunchScreen.storyboard */ = {
			isa = PBXVariantGroup;
			children = (
				76C5FFBF1F8FB33300A17E55 /* Base */,
			);
			name = LaunchScreen.storyboard;
			sourceTree = "<group>";
		};
/* End PBXVariantGroup section */

/* Begin XCBuildConfiguration section */
		76C5FFC21F8FB33300A17E55 /* Debug */ = {
			isa = XCBuildConfiguration;
			buildSettings = {
				ALWAYS_SEARCH_USER_PATHS = NO;
				CLANG_ANALYZER_NONNULL = YES;
				CLANG_ANALYZER_NUMBER_OBJECT_CONVERSION = YES_AGGRESSIVE;
				CLANG_CXX_LANGUAGE_STANDARD = "gnu++0x";
				CLANG_CXX_LIBRARY = "libc++";
				CLANG_ENABLE_MODULES = YES;
				CLANG_ENABLE_OBJC_ARC = YES;
				CLANG_WARN_BOOL_CONVERSION = YES;
				CLANG_WARN_CONSTANT_CONVERSION = YES;
				CLANG_WARN_DIRECT_OBJC_ISA_USAGE = YES_ERROR;
				CLANG_WARN_DOCUMENTATION_COMMENTS = YES;
				CLANG_WARN_EMPTY_BODY = YES;
				CLANG_WARN_ENUM_CONVERSION = YES;
				CLANG_WARN_INFINITE_RECURSION = YES;
				CLANG_WARN_INT_CONVERSION = YES;
				CLANG_WARN_OBJC_ROOT_CLASS = YES_ERROR;
				CLANG_WARN_SUSPICIOUS_MOVE = YES;
				CLANG_WARN_UNREACHABLE_CODE = YES;
				CLANG_WARN__DUPLICATE_METHOD_MATCH = YES;
				"CODE_SIGN_IDENTITY[sdk=iphoneos*]" = "iPhone Developer";
				COPY_PHASE_STRIP = NO;
				DEBUG_INFORMATION_FORMAT = dwarf;
				ENABLE_STRICT_OBJC_MSGSEND = YES;
				ENABLE_TESTABILITY = YES;
				GCC_C_LANGUAGE_STANDARD = gnu99;
				GCC_DYNAMIC_NO_PIC = NO;
				GCC_NO_COMMON_BLOCKS = YES;
				GCC_OPTIMIZATION_LEVEL = 0;
				GCC_PREPROCESSOR_DEFINITIONS = (
					"DEBUG=1",
					"$(inherited)",
				);
				GCC_WARN_64_TO_32_BIT_CONVERSION = YES;
				GCC_WARN_ABOUT_RETURN_TYPE = YES_ERROR;
				GCC_WARN_UNDECLARED_SELECTOR = YES;
				GCC_WARN_UNINITIALIZED_AUTOS = YES_AGGRESSIVE;
				GCC_WARN_UNUSED_FUNCTION = YES;
				GCC_WARN_UNUSED_VARIABLE = YES;
				IPHONEOS_DEPLOYMENT_TARGET = 10.3;
				MTL_ENABLE_DEBUG_INFO = YES;
				ONLY_ACTIVE_ARCH = YES;
				SDKROOT = iphoneos;
				SWIFT_ACTIVE_COMPILATION_CONDITIONS = DEBUG;
				SWIFT_OPTIMIZATION_LEVEL = "-Onone";
			};
			name = Debug;
		};
		76C5FFC31F8FB33300A17E55 /* Release */ = {
			isa = XCBuildConfiguration;
			buildSettings = {
				ALWAYS_SEARCH_USER_PATHS = NO;
				CLANG_ANALYZER_NONNULL = YES;
				CLANG_ANALYZER_NUMBER_OBJECT_CONVERSION = YES_AGGRESSIVE;
				CLANG_CXX_LANGUAGE_STANDARD = "gnu++0x";
				CLANG_CXX_LIBRARY = "libc++";
				CLANG_ENABLE_MODULES = YES;
				CLANG_ENABLE_OBJC_ARC = YES;
				CLANG_WARN_BOOL_CONVERSION = YES;
				CLANG_WARN_CONSTANT_CONVERSION = YES;
				CLANG_WARN_DIRECT_OBJC_ISA_USAGE = YES_ERROR;
				CLANG_WARN_DOCUMENTATION_COMMENTS = YES;
				CLANG_WARN_EMPTY_BODY = YES;
				CLANG_WARN_ENUM_CONVERSION = YES;
				CLANG_WARN_INFINITE_RECURSION = YES;
				CLANG_WARN_INT_CONVERSION = YES;
				CLANG_WARN_OBJC_ROOT_CLASS = YES_ERROR;
				CLANG_WARN_SUSPICIOUS_MOVE = YES;
				CLANG_WARN_UNREACHABLE_CODE = YES;
				CLANG_WARN__DUPLICATE_METHOD_MATCH = YES;
				"CODE_SIGN_IDENTITY[sdk=iphoneos*]" = "iPhone Developer";
				COPY_PHASE_STRIP = NO;
				DEBUG_INFORMATION_FORMAT = "dwarf-with-dsym";
				ENABLE_NS_ASSERTIONS = NO;
				ENABLE_STRICT_OBJC_MSGSEND = YES;
				GCC_C_LANGUAGE_STANDARD = gnu99;
				GCC_NO_COMMON_BLOCKS = YES;
				GCC_WARN_64_TO_32_BIT_CONVERSION = YES;
				GCC_WARN_ABOUT_RETURN_TYPE = YES_ERROR;
				GCC_WARN_UNDECLARED_SELECTOR = YES;
				GCC_WARN_UNINITIALIZED_AUTOS = YES_AGGRESSIVE;
				GCC_WARN_UNUSED_FUNCTION = YES;
				GCC_WARN_UNUSED_VARIABLE = YES;
				IPHONEOS_DEPLOYMENT_TARGET = 10.3;
				MTL_ENABLE_DEBUG_INFO = NO;
				SDKROOT = iphoneos;
				SWIFT_OPTIMIZATION_LEVEL = "-Owholemodule";
				VALIDATE_PRODUCT = YES;
			};
			name = Release;
		};
		76C5FFC51F8FB33300A17E55 /* Debug */ = {
			isa = XCBuildConfiguration;
			baseConfigurationReference = 5A25C575B5ECD15E24AB1C53 /* Pods-SwiftDemo.debug.xcconfig */;
			buildSettings = {
				ASSETCATALOG_COMPILER_APPICON_NAME = AppIcon;
				CLANG_ENABLE_MODULES = YES;
				DEVELOPMENT_TEAM = VMTN98C772;
				INFOPLIST_FILE = SwiftDemo/Info.plist;
				IPHONEOS_DEPLOYMENT_TARGET = 8.0;
				LD_RUNPATH_SEARCH_PATHS = "$(inherited) @executable_path/Frameworks";
				PRODUCT_BUNDLE_IDENTIFIER = com.sunland.SwiftDemo;
				PRODUCT_NAME = "$(TARGET_NAME)";
				SWIFT_OBJC_BRIDGING_HEADER = "SwiftDemo/SwiftDemo-Bridging-Header.h";
				SWIFT_OPTIMIZATION_LEVEL = "-Onone";
				SWIFT_VERSION = 3.0;
			};
			name = Debug;
		};
		76C5FFC61F8FB33300A17E55 /* Release */ = {
			isa = XCBuildConfiguration;
			baseConfigurationReference = 4B3B96090E185B0B64CEF256 /* Pods-SwiftDemo.release.xcconfig */;
			buildSettings = {
				ASSETCATALOG_COMPILER_APPICON_NAME = AppIcon;
				CLANG_ENABLE_MODULES = YES;
				DEVELOPMENT_TEAM = VMTN98C772;
				INFOPLIST_FILE = SwiftDemo/Info.plist;
				IPHONEOS_DEPLOYMENT_TARGET = 8.0;
				LD_RUNPATH_SEARCH_PATHS = "$(inherited) @executable_path/Frameworks";
				PRODUCT_BUNDLE_IDENTIFIER = com.sunland.SwiftDemo;
				PRODUCT_NAME = "$(TARGET_NAME)";
				SWIFT_OBJC_BRIDGING_HEADER = "SwiftDemo/SwiftDemo-Bridging-Header.h";
				SWIFT_VERSION = 3.0;
			};
			name = Release;
		};
/* End XCBuildConfiguration section */

/* Begin XCConfigurationList section */
		76C5FFAD1F8FB33300A17E55 /* Build configuration list for PBXProject "SwiftDemo" */ = {
			isa = XCConfigurationList;
			buildConfigurations = (
				76C5FFC21F8FB33300A17E55 /* Debug */,
				76C5FFC31F8FB33300A17E55 /* Release */,
			);
			defaultConfigurationIsVisible = 0;
			defaultConfigurationName = Release;
		};
		76C5FFC41F8FB33300A17E55 /* Build configuration list for PBXNativeTarget "SwiftDemo" */ = {
			isa = XCConfigurationList;
			buildConfigurations = (
				76C5FFC51F8FB33300A17E55 /* Debug */,
				76C5FFC61F8FB33300A17E55 /* Release */,
			);
			defaultConfigurationIsVisible = 0;
			defaultConfigurationName = Release;
		};
/* End XCConfigurationList section */
	};
	rootObject = 76C5FFAA1F8FB33300A17E55 /* Project object */;
}
